// !$*UTF8*$!
{
	archiveVersion = 1;
	classes = {
	};
	objectVersion = 50;
	objects = {

/* Begin PBXBuildFile section */
		C476B4E724702DCA00723E74 /* UpdateList.swift in Sources */ = {isa = PBXBuildFile; fileRef = C476B4E624702DCA00723E74 /* UpdateList.swift */; };
		C476B4E9247030BB00723E74 /* UpdateDetail.swift in Sources */ = {isa = PBXBuildFile; fileRef = C476B4E8247030BB00723E74 /* UpdateDetail.swift */; };
		C476B4EB247032C600723E74 /* UpdateStore.swift in Sources */ = {isa = PBXBuildFile; fileRef = C476B4EA247032C600723E74 /* UpdateStore.swift */; };
		C476B4ED2470357800723E74 /* TabBar.swift in Sources */ = {isa = PBXBuildFile; fileRef = C476B4EC2470357800723E74 /* TabBar.swift */; };
		C48BC079246FDECB0062F4E1 /* AppDelegate.swift in Sources */ = {isa = PBXBuildFile; fileRef = C48BC078246FDECB0062F4E1 /* AppDelegate.swift */; };
		C48BC07B246FDECB0062F4E1 /* SceneDelegate.swift in Sources */ = {isa = PBXBuildFile; fileRef = C48BC07A246FDECB0062F4E1 /* SceneDelegate.swift */; };
		C48BC07D246FDECB0062F4E1 /* ContentView.swift in Sources */ = {isa = PBXBuildFile; fileRef = C48BC07C246FDECB0062F4E1 /* ContentView.swift */; };
		C48BC07F246FDECC0062F4E1 /* Assets.xcassets in Resources */ = {isa = PBXBuildFile; fileRef = C48BC07E246FDECC0062F4E1 /* Assets.xcassets */; };
		C48BC082246FDECC0062F4E1 /* Preview Assets.xcassets in Resources */ = {isa = PBXBuildFile; fileRef = C48BC081246FDECC0062F4E1 /* Preview Assets.xcassets */; };
		C48BC085246FDECC0062F4E1 /* LaunchScreen.storyboard in Resources */ = {isa = PBXBuildFile; fileRef = C48BC083246FDECC0062F4E1 /* LaunchScreen.storyboard */; };
		C48BC090246FDECC0062F4E1 /* DesignCodeTests.swift in Sources */ = {isa = PBXBuildFile; fileRef = C48BC08F246FDECC0062F4E1 /* DesignCodeTests.swift */; };
		C48BC09B247003150062F4E1 /* MenuView.swift in Sources */ = {isa = PBXBuildFile; fileRef = C48BC09A247003150062F4E1 /* MenuView.swift */; };
		C48BC09D24701E780062F4E1 /* Home.swift in Sources */ = {isa = PBXBuildFile; fileRef = C48BC09C24701E780062F4E1 /* Home.swift */; };
		C48BC09F247023C10062F4E1 /* HomeView.swift in Sources */ = {isa = PBXBuildFile; fileRef = C48BC09E247023C10062F4E1 /* HomeView.swift */; };
		C4AAC1DE24706ACB0008AC3F /* RingView.swift in Sources */ = {isa = PBXBuildFile; fileRef = C4AAC1DD24706ACB0008AC3F /* RingView.swift */; };
		C4DB147B2470731F004963BD /* Modifiers.swift in Sources */ = {isa = PBXBuildFile; fileRef = C4DB147A2470731F004963BD /* Modifiers.swift */; };
/* End PBXBuildFile section */

/* Begin PBXContainerItemProxy section */
		C48BC08C246FDECC0062F4E1 /* PBXContainerItemProxy */ = {
			isa = PBXContainerItemProxy;
			containerPortal = C48BC06D246FDECB0062F4E1 /* Project object */;
			proxyType = 1;
			remoteGlobalIDString = C48BC074246FDECB0062F4E1;
			remoteInfo = DesignCode;
		};
/* End PBXContainerItemProxy section */

/* Begin PBXFileReference section */
		C476B4E624702DCA00723E74 /* UpdateList.swift */ = {isa = PBXFileReference; lastKnownFileType = sourcecode.swift; path = UpdateList.swift; sourceTree = "<group>"; };
		C476B4E8247030BB00723E74 /* UpdateDetail.swift */ = {isa = PBXFileReference; lastKnownFileType = sourcecode.swift; path = UpdateDetail.swift; sourceTree = "<group>"; };
		C476B4EA247032C600723E74 /* UpdateStore.swift */ = {isa = PBXFileReference; lastKnownFileType = sourcecode.swift; path = UpdateStore.swift; sourceTree = "<group>"; };
		C476B4EC2470357800723E74 /* TabBar.swift */ = {isa = PBXFileReference; lastKnownFileType = sourcecode.swift; path = TabBar.swift; sourceTree = "<group>"; };
		C48BC075246FDECB0062F4E1 /* DesignCode.app */ = {isa = PBXFileReference; explicitFileType = wrapper.application; includeInIndex = 0; path = DesignCode.app; sourceTree = BUILT_PRODUCTS_DIR; };
		C48BC078246FDECB0062F4E1 /* AppDelegate.swift */ = {isa = PBXFileReference; lastKnownFileType = sourcecode.swift; path = AppDelegate.swift; sourceTree = "<group>"; };
		C48BC07A246FDECB0062F4E1 /* SceneDelegate.swift */ = {isa = PBXFileReference; lastKnownFileType = sourcecode.swift; path = SceneDelegate.swift; sourceTree = "<group>"; };
		C48BC07C246FDECB0062F4E1 /* ContentView.swift */ = {isa = PBXFileReference; lastKnownFileType = sourcecode.swift; path = ContentView.swift; sourceTree = "<group>"; };
		C48BC07E246FDECC0062F4E1 /* Assets.xcassets */ = {isa = PBXFileReference; lastKnownFileType = folder.assetcatalog; path = Assets.xcassets; sourceTree = "<group>"; };
		C48BC081246FDECC0062F4E1 /* Preview Assets.xcassets */ = {isa = PBXFileReference; lastKnownFileType = folder.assetcatalog; path = "Preview Assets.xcassets"; sourceTree = "<group>"; };
		C48BC084246FDECC0062F4E1 /* Base */ = {isa = PBXFileReference; lastKnownFileType = file.storyboard; name = Base; path = Base.lproj/LaunchScreen.storyboard; sourceTree = "<group>"; };
		C48BC086246FDECC0062F4E1 /* Info.plist */ = {isa = PBXFileReference; lastKnownFileType = text.plist.xml; path = Info.plist; sourceTree = "<group>"; };
		C48BC08B246FDECC0062F4E1 /* DesignCodeTests.xctest */ = {isa = PBXFileReference; explicitFileType = wrapper.cfbundle; includeInIndex = 0; path = DesignCodeTests.xctest; sourceTree = BUILT_PRODUCTS_DIR; };
		C48BC08F246FDECC0062F4E1 /* DesignCodeTests.swift */ = {isa = PBXFileReference; lastKnownFileType = sourcecode.swift; path = DesignCodeTests.swift; sourceTree = "<group>"; };
		C48BC091246FDECC0062F4E1 /* Info.plist */ = {isa = PBXFileReference; lastKnownFileType = text.plist.xml; path = Info.plist; sourceTree = "<group>"; };
		C48BC09A247003150062F4E1 /* MenuView.swift */ = {isa = PBXFileReference; lastKnownFileType = sourcecode.swift; path = MenuView.swift; sourceTree = "<group>"; };
		C48BC09C24701E780062F4E1 /* Home.swift */ = {isa = PBXFileReference; lastKnownFileType = sourcecode.swift; path = Home.swift; sourceTree = "<group>"; };
		C48BC09E247023C10062F4E1 /* HomeView.swift */ = {isa = PBXFileReference; lastKnownFileType = sourcecode.swift; path = HomeView.swift; sourceTree = "<group>"; };
		C4AAC1DD24706ACB0008AC3F /* RingView.swift */ = {isa = PBXFileReference; lastKnownFileType = sourcecode.swift; path = RingView.swift; sourceTree = "<group>"; };
		C4DB147A2470731F004963BD /* Modifiers.swift */ = {isa = PBXFileReference; lastKnownFileType = sourcecode.swift; path = Modifiers.swift; sourceTree = "<group>"; };
/* End PBXFileReference section */

/* Begin PBXFrameworksBuildPhase section */
		C48BC072246FDECB0062F4E1 /* Frameworks */ = {
			isa = PBXFrameworksBuildPhase;
			buildActionMask = 2147483647;
			files = (
			);
			runOnlyForDeploymentPostprocessing = 0;
		};
		C48BC088246FDECC0062F4E1 /* Frameworks */ = {
			isa = PBXFrameworksBuildPhase;
			buildActionMask = 2147483647;
			files = (
			);
			runOnlyForDeploymentPostprocessing = 0;
		};
/* End PBXFrameworksBuildPhase section */

/* Begin PBXGroup section */
		C48BC06C246FDECB0062F4E1 = {
			isa = PBXGroup;
			children = (
				C48BC077246FDECB0062F4E1 /* DesignCode */,
				C48BC08E246FDECC0062F4E1 /* DesignCodeTests */,
				C48BC076246FDECB0062F4E1 /* Products */,
			);
			sourceTree = "<group>";
		};
		C48BC076246FDECB0062F4E1 /* Products */ = {
			isa = PBXGroup;
			children = (
				C48BC075246FDECB0062F4E1 /* DesignCode.app */,
				C48BC08B246FDECC0062F4E1 /* DesignCodeTests.xctest */,
			);
			name = Products;
			sourceTree = "<group>";
		};
		C48BC077246FDECB0062F4E1 /* DesignCode */ = {
			isa = PBXGroup;
			children = (
				C48BC078246FDECB0062F4E1 /* AppDelegate.swift */,
				C48BC07A246FDECB0062F4E1 /* SceneDelegate.swift */,
				C48BC07C246FDECB0062F4E1 /* ContentView.swift */,
				C4AAC1DD24706ACB0008AC3F /* RingView.swift */,
				C4DB147A2470731F004963BD /* Modifiers.swift */,
				C48BC09C24701E780062F4E1 /* Home.swift */,
				C476B4E624702DCA00723E74 /* UpdateList.swift */,
				C476B4E8247030BB00723E74 /* UpdateDetail.swift */,
				C476B4EA247032C600723E74 /* UpdateStore.swift */,
				C476B4EC2470357800723E74 /* TabBar.swift */,
				C48BC09E247023C10062F4E1 /* HomeView.swift */,
				C48BC09A247003150062F4E1 /* MenuView.swift */,
				C48BC07E246FDECC0062F4E1 /* Assets.xcassets */,
				C48BC083246FDECC0062F4E1 /* LaunchScreen.storyboard */,
				C48BC086246FDECC0062F4E1 /* Info.plist */,
				C48BC080246FDECC0062F4E1 /* Preview Content */,
			);
			path = DesignCode;
			sourceTree = "<group>";
		};
		C48BC080246FDECC0062F4E1 /* Preview Content */ = {
			isa = PBXGroup;
			children = (
				C48BC081246FDECC0062F4E1 /* Preview Assets.xcassets */,
			);
			path = "Preview Content";
			sourceTree = "<group>";
		};
		C48BC08E246FDECC0062F4E1 /* DesignCodeTests */ = {
			isa = PBXGroup;
			children = (
				C48BC08F246FDECC0062F4E1 /* DesignCodeTests.swift */,
				C48BC091246FDECC0062F4E1 /* Info.plist */,
			);
			path = DesignCodeTests;
			sourceTree = "<group>";
		};
/* End PBXGroup section */

/* Begin PBXNativeTarget section */
		C48BC074246FDECB0062F4E1 /* DesignCode */ = {
			isa = PBXNativeTarget;
			buildConfigurationList = C48BC094246FDECC0062F4E1 /* Build configuration list for PBXNativeTarget "DesignCode" */;
			buildPhases = (
				C48BC071246FDECB0062F4E1 /* Sources */,
				C48BC072246FDECB0062F4E1 /* Frameworks */,
				C48BC073246FDECB0062F4E1 /* Resources */,
			);
			buildRules = (
			);
			dependencies = (
			);
			name = DesignCode;
			productName = DesignCode;
			productReference = C48BC075246FDECB0062F4E1 /* DesignCode.app */;
			productType = "com.apple.product-type.application";
		};
		C48BC08A246FDECC0062F4E1 /* DesignCodeTests */ = {
			isa = PBXNativeTarget;
			buildConfigurationList = C48BC097246FDECC0062F4E1 /* Build configuration list for PBXNativeTarget "DesignCodeTests" */;
			buildPhases = (
				C48BC087246FDECC0062F4E1 /* Sources */,
				C48BC088246FDECC0062F4E1 /* Frameworks */,
				C48BC089246FDECC0062F4E1 /* Resources */,
			);
			buildRules = (
			);
			dependencies = (
				C48BC08D246FDECC0062F4E1 /* PBXTargetDependency */,
			);
			name = DesignCodeTests;
			productName = DesignCodeTests;
			productReference = C48BC08B246FDECC0062F4E1 /* DesignCodeTests.xctest */;
			productType = "com.apple.product-type.bundle.unit-test";
		};
/* End PBXNativeTarget section */

/* Begin PBXProject section */
		C48BC06D246FDECB0062F4E1 /* Project object */ = {
			isa = PBXProject;
			attributes = {
				LastSwiftUpdateCheck = 1140;
				LastUpgradeCheck = 1140;
				ORGANIZATIONNAME = "Yaroslav Nosik";
				TargetAttributes = {
					C48BC074246FDECB0062F4E1 = {
						CreatedOnToolsVersion = 11.4;
					};
					C48BC08A246FDECC0062F4E1 = {
						CreatedOnToolsVersion = 11.4;
						TestTargetID = C48BC074246FDECB0062F4E1;
					};
				};
			};
			buildConfigurationList = C48BC070246FDECB0062F4E1 /* Build configuration list for PBXProject "DesignCode" */;
			compatibilityVersion = "Xcode 9.3";
			developmentRegion = en;
			hasScannedForEncodings = 0;
			knownRegions = (
				en,
				Base,
			);
			mainGroup = C48BC06C246FDECB0062F4E1;
			productRefGroup = C48BC076246FDECB0062F4E1 /* Products */;
			projectDirPath = "";
			projectRoot = "";
			targets = (
				C48BC074246FDECB0062F4E1 /* DesignCode */,
				C48BC08A246FDECC0062F4E1 /* DesignCodeTests */,
			);
		};
/* End PBXProject section */

/* Begin PBXResourcesBuildPhase section */
		C48BC073246FDECB0062F4E1 /* Resources */ = {
			isa = PBXResourcesBuildPhase;
			buildActionMask = 2147483647;
			files = (
				C48BC085246FDECC0062F4E1 /* LaunchScreen.storyboard in Resources */,
				C48BC082246FDECC0062F4E1 /* Preview Assets.xcassets in Resources */,
				C48BC07F246FDECC0062F4E1 /* Assets.xcassets in Resources */,
			);
			runOnlyForDeploymentPostprocessing = 0;
		};
		C48BC089246FDECC0062F4E1 /* Resources */ = {
			isa = PBXResourcesBuildPhase;
			buildActionMask = 2147483647;
			files = (
			);
			runOnlyForDeploymentPostprocessing = 0;
		};
/* End PBXResourcesBuildPhase section */

/* Begin PBXSourcesBuildPhase section */
		C48BC071246FDECB0062F4E1 /* Sources */ = {
			isa = PBXSourcesBuildPhase;
			buildActionMask = 2147483647;
			files = (
				C48BC079246FDECB0062F4E1 /* AppDelegate.swift in Sources */,
				C476B4EB247032C600723E74 /* UpdateStore.swift in Sources */,
				C476B4E724702DCA00723E74 /* UpdateList.swift in Sources */,
				C48BC09B247003150062F4E1 /* MenuView.swift in Sources */,
				C4DB147B2470731F004963BD /* Modifiers.swift in Sources */,
				C476B4E9247030BB00723E74 /* UpdateDetail.swift in Sources */,
				C4AAC1DE24706ACB0008AC3F /* RingView.swift in Sources */,
				C48BC09D24701E780062F4E1 /* Home.swift in Sources */,
				C48BC09F247023C10062F4E1 /* HomeView.swift in Sources */,
				C48BC07B246FDECB0062F4E1 /* SceneDelegate.swift in Sources */,
				C48BC07D246FDECB0062F4E1 /* ContentView.swift in Sources */,
				C476B4ED2470357800723E74 /* TabBar.swift in Sources */,
			);
			runOnlyForDeploymentPostprocessing = 0;
		};
		C48BC087246FDECC0062F4E1 /* Sources */ = {
			isa = PBXSourcesBuildPhase;
			buildActionMask = 2147483647;
			files = (
				C48BC090246FDECC0062F4E1 /* DesignCodeTests.swift in Sources */,
			);
			runOnlyForDeploymentPostprocessing = 0;
		};
/* End PBXSourcesBuildPhase section */

/* Begin PBXTargetDependency section */
		C48BC08D246FDECC0062F4E1 /* PBXTargetDependency */ = {
			isa = PBXTargetDependency;
			target = C48BC074246FDECB0062F4E1 /* DesignCode */;
			targetProxy = C48BC08C246FDECC0062F4E1 /* PBXContainerItemProxy */;
		};
/* End PBXTargetDependency section */

/* Begin PBXVariantGroup section */
		C48BC083246FDECC0062F4E1 /* LaunchScreen.storyboard */ = {
			isa = PBXVariantGroup;
			children = (
				C48BC084246FDECC0062F4E1 /* Base */,
			);
			name = LaunchScreen.storyboard;
			sourceTree = "<group>";
		};
/* End PBXVariantGroup section */

/* Begin XCBuildConfiguration section */
		C48BC092246FDECC0062F4E1 /* Debug */ = {
			isa = XCBuildConfiguration;
			buildSettings = {
				ALWAYS_SEARCH_USER_PATHS = NO;
				CLANG_ANALYZER_NONNULL = YES;
				CLANG_ANALYZER_NUMBER_OBJECT_CONVERSION = YES_AGGRESSIVE;
				CLANG_CXX_LANGUAGE_STANDARD = "gnu++14";
				CLANG_CXX_LIBRARY = "libc++";
				CLANG_ENABLE_MODULES = YES;
				CLANG_ENABLE_OBJC_ARC = YES;
				CLANG_ENABLE_OBJC_WEAK = YES;
				CLANG_WARN_BLOCK_CAPTURE_AUTORELEASING = YES;
				CLANG_WARN_BOOL_CONVERSION = YES;
				CLANG_WARN_COMMA = YES;
				CLANG_WARN_CONSTANT_CONVERSION = YES;
				CLANG_WARN_DEPRECATED_OBJC_IMPLEMENTATIONS = YES;
				CLANG_WARN_DIRECT_OBJC_ISA_USAGE = YES_ERROR;
				CLANG_WARN_DOCUMENTATION_COMMENTS = YES;
				CLANG_WARN_EMPTY_BODY = YES;
				CLANG_WARN_ENUM_CONVERSION = YES;
				CLANG_WARN_INFINITE_RECURSION = YES;
				CLANG_WARN_INT_CONVERSION = YES;
				CLANG_WARN_NON_LITERAL_NULL_CONVERSION = YES;
				CLANG_WARN_OBJC_IMPLICIT_RETAIN_SELF = YES;
				CLANG_WARN_OBJC_LITERAL_CONVERSION = YES;
				CLANG_WARN_OBJC_ROOT_CLASS = YES_ERROR;
				CLANG_WARN_RANGE_LOOP_ANALYSIS = YES;
				CLANG_WARN_STRICT_PROTOTYPES = YES;
				CLANG_WARN_SUSPICIOUS_MOVE = YES;
				CLANG_WARN_UNGUARDED_AVAILABILITY = YES_AGGRESSIVE;
				CLANG_WARN_UNREACHABLE_CODE = YES;
				CLANG_WARN__DUPLICATE_METHOD_MATCH = YES;
				COPY_PHASE_STRIP = NO;
				DEBUG_INFORMATION_FORMAT = dwarf;
				ENABLE_STRICT_OBJC_MSGSEND = YES;
				ENABLE_TESTABILITY = YES;
				GCC_C_LANGUAGE_STANDARD = gnu11;
				GCC_DYNAMIC_NO_PIC = NO;
				GCC_NO_COMMON_BLOCKS = YES;
				GCC_OPTIMIZATION_LEVEL = 0;
				GCC_PREPROCESSOR_DEFINITIONS = (
					"DEBUG=1",
					"$(inherited)",
				);
				GCC_WARN_64_TO_32_BIT_CONVERSION = YES;
				GCC_WARN_ABOUT_RETURN_TYPE = YES_ERROR;
				GCC_WARN_UNDECLARED_SELECTOR = YES;
				GCC_WARN_UNINITIALIZED_AUTOS = YES_AGGRESSIVE;
				GCC_WARN_UNUSED_FUNCTION = YES;
				GCC_WARN_UNUSED_VARIABLE = YES;
				IPHONEOS_DEPLOYMENT_TARGET = 13.4;
				MTL_ENABLE_DEBUG_INFO = INCLUDE_SOURCE;
				MTL_FAST_MATH = YES;
				ONLY_ACTIVE_ARCH = YES;
				SDKROOT = iphoneos;
				SWIFT_ACTIVE_COMPILATION_CONDITIONS = DEBUG;
				SWIFT_OPTIMIZATION_LEVEL = "-Onone";
			};
			name = Debug;
		};
		C48BC093246FDECC0062F4E1 /* Release */ = {
			isa = XCBuildConfiguration;
			buildSettings = {
				ALWAYS_SEARCH_USER_PATHS = NO;
				CLANG_ANALYZER_NONNULL = YES;
				CLANG_ANALYZER_NUMBER_OBJECT_CONVERSION = YES_AGGRESSIVE;
				CLANG_CXX_LANGUAGE_STANDARD = "gnu++14";
				CLANG_CXX_LIBRARY = "libc++";
				CLANG_ENABLE_MODULES = YES;
				CLANG_ENABLE_OBJC_ARC = YES;
				CLANG_ENABLE_OBJC_WEAK = YES;
				CLANG_WARN_BLOCK_CAPTURE_AUTORELEASING = YES;
				CLANG_WARN_BOOL_CONVERSION = YES;
				CLANG_WARN_COMMA = YES;
				CLANG_WARN_CONSTANT_CONVERSION = YES;
				CLANG_WARN_DEPRECATED_OBJC_IMPLEMENTATIONS = YES;
				CLANG_WARN_DIRECT_OBJC_ISA_USAGE = YES_ERROR;
				CLANG_WARN_DOCUMENTATION_COMMENTS = YES;
				CLANG_WARN_EMPTY_BODY = YES;
				CLANG_WARN_ENUM_CONVERSION = YES;
				CLANG_WARN_INFINITE_RECURSION = YES;
				CLANG_WARN_INT_CONVERSION = YES;
				CLANG_WARN_NON_LITERAL_NULL_CONVERSION = YES;
				CLANG_WARN_OBJC_IMPLICIT_RETAIN_SELF = YES;
				CLANG_WARN_OBJC_LITERAL_CONVERSION = YES;
				CLANG_WARN_OBJC_ROOT_CLASS = YES_ERROR;
				CLANG_WARN_RANGE_LOOP_ANALYSIS = YES;
				CLANG_WARN_STRICT_PROTOTYPES = YES;
				CLANG_WARN_SUSPICIOUS_MOVE = YES;
				CLANG_WARN_UNGUARDED_AVAILABILITY = YES_AGGRESSIVE;
				CLANG_WARN_UNREACHABLE_CODE = YES;
				CLANG_WARN__DUPLICATE_METHOD_MATCH = YES;
				COPY_PHASE_STRIP = NO;
				DEBUG_INFORMATION_FORMAT = "dwarf-with-dsym";
				ENABLE_NS_ASSERTIONS = NO;
				ENABLE_STRICT_OBJC_MSGSEND = YES;
				GCC_C_LANGUAGE_STANDARD = gnu11;
				GCC_NO_COMMON_BLOCKS = YES;
				GCC_WARN_64_TO_32_BIT_CONVERSION = YES;
				GCC_WARN_ABOUT_RETURN_TYPE = YES_ERROR;
				GCC_WARN_UNDECLARED_SELECTOR = YES;
				GCC_WARN_UNINITIALIZED_AUTOS = YES_AGGRESSIVE;
				GCC_WARN_UNUSED_FUNCTION = YES;
				GCC_WARN_UNUSED_VARIABLE = YES;
				IPHONEOS_DEPLOYMENT_TARGET = 13.4;
				MTL_ENABLE_DEBUG_INFO = NO;
				MTL_FAST_MATH = YES;
				SDKROOT = iphoneos;
				SWIFT_COMPILATION_MODE = wholemodule;
				SWIFT_OPTIMIZATION_LEVEL = "-O";
				VALIDATE_PRODUCT = YES;
			};
			name = Release;
		};
		C48BC095246FDECC0062F4E1 /* Debug */ = {
			isa = XCBuildConfiguration;
			buildSettings = {
				ASSETCATALOG_COMPILER_APPICON_NAME = AppIcon;
				CODE_SIGN_STYLE = Automatic;
				DEVELOPMENT_ASSET_PATHS = "\"DesignCode/Preview Content\"";
				DEVELOPMENT_TEAM = TEH4HD9DGJ;
				ENABLE_PREVIEWS = YES;
				INFOPLIST_FILE = DesignCode/Info.plist;
				LD_RUNPATH_SEARCH_PATHS = (
					"$(inherited)",
					"@executable_path/Frameworks",
				);
				PRODUCT_BUNDLE_IDENTIFIER = com.yaroslavnosik.DesignCode;
				PRODUCT_NAME = "$(TARGET_NAME)";
				SWIFT_VERSION = 5.0;
				TARGETED_DEVICE_FAMILY = "1,2";
			};
			name = Debug;
		};
		C48BC096246FDECC0062F4E1 /* Release */ = {
			isa = XCBuildConfiguration;
			buildSettings = {
				ASSETCATALOG_COMPILER_APPICON_NAME = AppIcon;
				CODE_SIGN_STYLE = Automatic;
				DEVELOPMENT_ASSET_PATHS = "\"DesignCode/Preview Content\"";
				DEVELOPMENT_TEAM = 5F26PMK36V;
				ENABLE_PREVIEWS = YES;
				INFOPLIST_FILE = DesignCode/Info.plist;
				LD_RUNPATH_SEARCH_PATHS = (
					"$(inherited)",
					"@executable_path/Frameworks",
				);
				PRODUCT_BUNDLE_IDENTIFIER = com.yaroslavnosik.DesignCode;
				PRODUCT_NAME = "$(TARGET_NAME)";
				SWIFT_VERSION = 5.0;
				TARGETED_DEVICE_FAMILY = "1,2";
			};
			name = Release;
		};
		C48BC098246FDECC0062F4E1 /* Debug */ = {
			isa = XCBuildConfiguration;
			buildSettings = {
				ALWAYS_EMBED_SWIFT_STANDARD_LIBRARIES = YES;
				BUNDLE_LOADER = "$(TEST_HOST)";
				CODE_SIGN_STYLE = Automatic;
				DEVELOPMENT_TEAM = TEH4HD9DGJ;
				INFOPLIST_FILE = DesignCodeTests/Info.plist;
				IPHONEOS_DEPLOYMENT_TARGET = 13.4;
				LD_RUNPATH_SEARCH_PATHS = (
					"$(inherited)",
					"@executable_path/Frameworks",
					"@loader_path/Frameworks",
				);
				PRODUCT_BUNDLE_IDENTIFIER = com.yaroslavnosik.DesignCodeTests;
				PRODUCT_NAME = "$(TARGET_NAME)";
				SWIFT_VERSION = 5.0;
				TARGETED_DEVICE_FAMILY = "1,2";
				TEST_HOST = "$(BUILT_PRODUCTS_DIR)/DesignCode.app/DesignCode";
			};
			name = Debug;
		};
		C48BC099246FDECC0062F4E1 /* Release */ = {
			isa = XCBuildConfiguration;
			buildSettings = {
				ALWAYS_EMBED_SWIFT_STANDARD_LIBRARIES = YES;
				BUNDLE_LOADER = "$(TEST_HOST)";
				CODE_SIGN_STYLE = Automatic;
				DEVELOPMENT_TEAM = TEH4HD9DGJ;
				INFOPLIST_FILE = DesignCodeTests/Info.plist;
				IPHONEOS_DEPLOYMENT_TARGET = 13.4;
				LD_RUNPATH_SEARCH_PATHS = (
					"$(inherited)",
					"@executable_path/Frameworks",
					"@loader_path/Frameworks",
				);
				PRODUCT_BUNDLE_IDENTIFIER = com.yaroslavnosik.DesignCodeTests;
				PRODUCT_NAME = "$(TARGET_NAME)";
				SWIFT_VERSION = 5.0;
				TARGETED_DEVICE_FAMILY = "1,2";
				TEST_HOST = "$(BUILT_PRODUCTS_DIR)/DesignCode.app/DesignCode";
			};
			name = Release;
		};
/* End XCBuildConfiguration section */

/* Begin XCConfigurationList section */
		C48BC070246FDECB0062F4E1 /* Build configuration list for PBXProject "DesignCode" */ = {
			isa = XCConfigurationList;
			buildConfigurations = (
				C48BC092246FDECC0062F4E1 /* Debug */,
				C48BC093246FDECC0062F4E1 /* Release */,
			);
			defaultConfigurationIsVisible = 0;
			defaultConfigurationName = Release;
		};
		C48BC094246FDECC0062F4E1 /* Build configuration list for PBXNativeTarget "DesignCode" */ = {
			isa = XCConfigurationList;
			buildConfigurations = (
				C48BC095246FDECC0062F4E1 /* Debug */,
				C48BC096246FDECC0062F4E1 /* Release */,
			);
			defaultConfigurationIsVisible = 0;
			defaultConfigurationName = Release;
		};
		C48BC097246FDECC0062F4E1 /* Build configuration list for PBXNativeTarget "DesignCodeTests" */ = {
			isa = XCConfigurationList;
			buildConfigurations = (
				C48BC098246FDECC0062F4E1 /* Debug */,
				C48BC099246FDECC0062F4E1 /* Release */,
			);
			defaultConfigurationIsVisible = 0;
			defaultConfigurationName = Release;
		};
/* End XCConfigurationList section */
	};
	rootObject = C48BC06D246FDECB0062F4E1 /* Project object */;
}
